
Microsoft Visual Studio Solution File, Format Version 12.00
# Visual Studio 2017
Project("{FAE04EC0-301F-11D3-BF4B-00C04F79EFBC}") = "NostalgiaProject.Plugins", "NostalgiaProject.Plugins.csproj", "{5D91E586-B187-BD71-CBD1-70D7392C463E}"
EndProject
Project("{FAE04EC0-301F-11D3-BF4B-00C04F79EFBC}") = "NostalgiaProject", "NostalgiaProject.csproj", "{6B12F732-EABC-56D5-87A4-7DFC97B244B7}"
EndProject
Project("{FAE04EC0-301F-11D3-BF4B-00C04F79EFBC}") = "NostalgiaProject.Editor.Plugins", "NostalgiaProject.Editor.Plugins.csproj", "{B424B06B-A3DC-1EBF-579E-A6AAEE476CA1}"
EndProject
Global
	GlobalSection(SolutionConfigurationPlatforms) = preSolution
		Debug|Any CPU = Debug|Any CPU
		Release|Any CPU = Release|Any CPU
	EndGlobalSection
	GlobalSection(ProjectConfigurationPlatforms) = postSolution
		{5D91E586-B187-BD71-CBD1-70D7392C463E}.Debug|Any CPU.ActiveCfg = Debug|Any CPU
		{5D91E586-B187-BD71-CBD1-70D7392C463E}.Debug|Any CPU.Build.0 = Debug|Any CPU
		{5D91E586-B187-BD71-CBD1-70D7392C463E}.Release|Any CPU.ActiveCfg = Release|Any CPU
		{5D91E586-B187-BD71-CBD1-70D7392C463E}.Release|Any CPU.Build.0 = Release|Any CPU
		{6B12F732-EABC-56D5-87A4-7DFC97B244B7}.Debug|Any CPU.ActiveCfg = Debug|Any CPU
		{6B12F732-EABC-56D5-87A4-7DFC97B244B7}.Debug|Any CPU.Build.0 = Debug|Any CPU
		{6B12F732-EABC-56D5-87A4-7DFC97B244B7}.Release|Any CPU.ActiveCfg = Release|Any CPU
		{6B12F732-EABC-56D5-87A4-7DFC97B244B7}.Release|Any CPU.Build.0 = Release|Any CPU
		{B424B06B-A3DC-1EBF-579E-A6AAEE476CA1}.Debug|Any CPU.ActiveCfg = Debug|Any CPU
		{B424B06B-A3DC-1EBF-579E-A6AAEE476CA1}.Debug|Any CPU.Build.0 = Debug|Any CPU
		{B424B06B-A3DC-1EBF-579E-A6AAEE476CA1}.Release|Any CPU.ActiveCfg = Release|Any CPU
		{B424B06B-A3DC-1EBF-579E-A6AAEE476CA1}.Release|Any CPU.Build.0 = Release|Any CPU
	EndGlobalSection
	GlobalSection(SolutionProperties) = preSolution
		HideSolutionNode = FALSE
	EndGlobalSection
EndGlobal
